
Microsoft Visual Studio Solution File, Format Version 12.00
# Visual Studio 15
VisualStudioVersion = 15.0.27428.2011
MinimumVisualStudioVersion = 10.0.40219.1
Project("{8BC9CEB8-8B4A-11D0-8D11-00A0C91BC942}") = "IRFramework", "IRFramework\IRFramework.vcxproj", "{5FCE0A9C-26F4-4FFD-AB62-A0D78D4B6EE1}"
EndProject
Global
	GlobalSection(SolutionConfigurationPlatforms) = preSolution
		Debug|x64 = Debug|x64
		Debug|x86 = Debug|x86
		Release|x64 = Release|x64
		Release|x86 = Release|x86
	EndGlobalSection
	GlobalSection(ProjectConfigurationPlatforms) = postSolution
		{5FCE0A9C-26F4-4FFD-AB62-A0D78D4B6EE1}.Debug|x64.ActiveCfg = Debug|x64
		{5FCE0A9C-26F4-4FFD-AB62-A0D78D4B6EE1}.Debug|x64.Build.0 = Debug|x64
		{5FCE0A9C-26F4-4FFD-AB62-A0D78D4B6EE1}.Debug|x86.ActiveCfg = Debug|Win32
		{5FCE0A9C-26F4-4FFD-AB62-A0D78D4B6EE1}.Debug|x86.Build.0 = Debug|Win32
		{5FCE0A9C-26F4-4FFD-AB62-A0D78D4B6EE1}.Release|x64.ActiveCfg = Release|x64
		{5FCE0A9C-26F4-4FFD-AB62-A0D78D4B6EE1}.Release|x64.Build.0 = Release|x64
		{5FCE0A9C-26F4-4FFD-AB62-A0D78D4B6EE1}.Release|x86.ActiveCfg = Release|Win32
		{5FCE0A9C-26F4-4FFD-AB62-A0D78D4B6EE1}.Release|x86.Build.0 = Release|Win32
	EndGlobalSection
	GlobalSection(SolutionProperties) = preSolution
		HideSolutionNode = FALSE
	EndGlobalSection
	GlobalSection(ExtensibilityGlobals) = postSolution
		SolutionGuid = {B82BA067-FEA2-4012-83C9-0EAEB02935C6}
	EndGlobalSection
EndGlobal
