<?xml version="1.0" encoding="utf-8"?>
<Project ToolsVersion="4.0" xmlns="http://schemas.microsoft.com/developer/msbuild/2003">
  <ItemGroup>
    <Filter Include="Source Files">
      <UniqueIdentifier>{4FC737F1-C7A5-4376-A066-2A32D752A2FF}</UniqueIdentifier>
      <Extensions>cpp;c;cc;cxx;def;odl;idl;hpj;bat;asm;asmx</Extensions>
    </Filter>
    <Filter Include="Header Files">
      <UniqueIdentifier>{93995380-89BD-4b04-88EB-625FBE52EBFB}</UniqueIdentifier>
      <Extensions>h;hh;hpp;hxx;hm;inl;inc;ipp;xsd</Extensions>
    </Filter>
    <Filter Include="Resource Files">
      <UniqueIdentifier>{67DA6AB6-F800-4c08-8B7A-83BB121AAD01}</UniqueIdentifier>
      <Extensions>rc;ico;cur;bmp;dlg;rc2;rct;bin;rgs;gif;jpg;jpeg;jpe;resx;tiff;tif;png;wav;mfcribbon-ms</Extensions>
    </Filter>
    <Filter Include="Tests">
      <UniqueIdentifier>{c0e7e24d-d09e-4dbc-ab38-e9221385b54b}</UniqueIdentifier>
    </Filter>
  </ItemGroup>
  <ItemGroup>
    <ClCompile Include="..\..\CppUnitLite\Failure.cpp">
      <Filter>Source Files</Filter>
    </ClCompile>
    <ClCompile Include="..\..\CppUnitLite\Main.cpp">
      <Filter>Source Files</Filter>
    </ClCompile>
    <ClCompile Include="..\..\CppUnitLite\Test.cpp">
      <Filter>Source Files</Filter>
    </ClCompile>
    <ClCompile Include="..\..\CppUnitLite\TestRegistry.cpp">
      <Filter>Source Files</Filter>
    </ClCompile>
    <ClCompile Include="..\..\CppUnitLite\TestResult.cpp">
      <Filter>Source Files</Filter>
    </ClCompile>
    <ClCompile Include="Bitmap.cpp">
      <Filter>Source Files</Filter>
    </ClCompile>
    <ClCompile Include="Color.cpp">
      <Filter>Source Files</Filter>
    </ClCompile>
    <ClCompile Include="WindowsBitmapHeader.cpp">
      <Filter>Source Files</Filter>
    </ClCompile>
    <ClCompile Include="ranged_numberTest.cpp">
      <Filter>Tests</Filter>
    </ClCompile>
    <ClCompile Include="CodecLibrary.cpp">
      <Filter>Source Files</Filter>
    </ClCompile>
    <ClCompile Include="WindowsBitmapDecoder.cpp">
      <Filter>Source Files</Filter>
    </ClCompile>
    <ClCompile Include="BitmapIterator.cpp">
      <Filter>Source Files</Filter>
    </ClCompile>
    <ClCompile Include="DecoderTest.cpp">
      <Filter>Tests</Filter>
    </ClCompile>
  </ItemGroup>
  <ItemGroup>
    <ClInclude Include="..\..\CppUnitLite\Failure.h">
      <Filter>Header Files</Filter>
    </ClInclude>
    <ClInclude Include="..\..\CppUnitLite\Test.h">
      <Filter>Header Files</Filter>
    </ClInclude>
    <ClInclude Include="..\..\CppUnitLite\TestHarness.h">
      <Filter>Header Files</Filter>
    </ClInclude>
    <ClInclude Include="..\..\CppUnitLite\TestRegistry.h">
      <Filter>Header Files</Filter>
    </ClInclude>
    <ClInclude Include="..\..\CppUnitLite\TestResult.h">
      <Filter>Header Files</Filter>
    </ClInclude>
    <ClInclude Include="Bitmap.h">
      <Filter>Header Files</Filter>
    </ClInclude>
    <ClInclude Include="Color.h">
      <Filter>Header Files</Filter>
    </ClInclude>
    <ClInclude Include="SizedWord.h">
      <Filter>Header Files</Filter>
    </ClInclude>
    <ClInclude Include="WindowsBitmapHeader.h">
      <Filter>Header Files</Filter>
    </ClInclude>
    <ClInclude Include="IBitmapIterator.h">
      <Filter>Header Files</Filter>
    </ClInclude>
    <ClInclude Include="ranged_number.h">
      <Filter>Header Files</Filter>
    </ClInclude>
    <ClInclude Include="VerifyEquality.h">
      <Filter>Header Files</Filter>
    </ClInclude>
    <ClInclude Include="IBitmapDecoder.h">
      <Filter>Header Files</Filter>
    </ClInclude>
    <ClInclude Include="IBitmapEncoder.h">
      <Filter>Header Files</Filter>
    </ClInclude>
    <ClInclude Include="CodecLibrary.h">
      <Filter>Header Files</Filter>
    </ClInclude>
    <ClInclude Include="WindowsBitmapDecoder.h">
      <Filter>Header Files</Filter>
    </ClInclude>
    <ClInclude Include="BitmapIterator.h">
      <Filter>Header Files</Filter>
    </ClInclude>
  </ItemGroup>
</Project>