<?xml version="1.0" encoding="utf-8"?>
<Project ToolsVersion="4.0" xmlns="http://schemas.microsoft.com/developer/msbuild/2003">
  <ItemGroup>
    <Filter Include="Source Files">
      <UniqueIdentifier>{4FC737F1-C7A5-4376-A066-2A32D752A2FF}</UniqueIdentifier>
      <Extensions>cpp;c;cc;cxx;def;odl;idl;hpj;bat;asm;asmx</Extensions>
    </Filter>
    <Filter Include="Header Files">
      <UniqueIdentifier>{93995380-89BD-4b04-88EB-625FBE52EBFB}</UniqueIdentifier>
      <Extensions>h;hh;hpp;hxx;hm;inl;inc;ipp;xsd</Extensions>
    </Filter>
    <Filter Include="Resource Files">
      <UniqueIdentifier>{67DA6AB6-F800-4c08-8B7A-83BB121AAD01}</UniqueIdentifier>
      <Extensions>rc;ico;cur;bmp;dlg;rc2;rct;bin;rgs;gif;jpg;jpeg;jpe;resx;tiff;tif;png;wav;mfcribbon-ms</Extensions>
    </Filter>
    <Filter Include="Source Files\Tests">
      <UniqueIdentifier>{d04a2ee6-5be0-4338-a8c4-d11fdf8dadda}</UniqueIdentifier>
    </Filter>
    <Filter Include="Header Files\VectorGraphic">
      <UniqueIdentifier>{1e611ecf-b1d8-4125-849a-5ae467f5dd0b}</UniqueIdentifier>
    </Filter>
    <Filter Include="Header Files\Bitmap">
      <UniqueIdentifier>{705b7ee0-2a55-4387-b9f4-a0c3a9a1a73f}</UniqueIdentifier>
    </Filter>
    <Filter Include="Source Files\Bitmap">
      <UniqueIdentifier>{9f3a8666-e82d-4ac9-a10f-84e6b6822d57}</UniqueIdentifier>
    </Filter>
    <Filter Include="Source Files\VectorGraphic">
      <UniqueIdentifier>{6d6514a4-5a5d-4255-9441-b4439fa23e06}</UniqueIdentifier>
    </Filter>
    <Filter Include="Header Files\VectorGraphic\XML">
      <UniqueIdentifier>{e9b46201-e068-4452-b303-537405cdc044}</UniqueIdentifier>
    </Filter>
    <Filter Include="Source Files\VectorGraphic\XML">
      <UniqueIdentifier>{e92127f8-a4d6-4a40-b5a1-59852ceae149}</UniqueIdentifier>
    </Filter>
    <Filter Include="Header Files\Data Storing">
      <UniqueIdentifier>{e1f5f1d4-6e00-4261-8112-402fda060670}</UniqueIdentifier>
    </Filter>
    <Filter Include="Source Files\Data Storing">
      <UniqueIdentifier>{d77077b6-44c7-4530-bbca-2f94c0bc575f}</UniqueIdentifier>
    </Filter>
    <Filter Include="Header Files\3rd Party Tools">
      <UniqueIdentifier>{6dcb6674-04b0-4319-bcae-8e2c3782b971}</UniqueIdentifier>
    </Filter>
    <Filter Include="Source Files\3rd Party Tools">
      <UniqueIdentifier>{d83fddc6-db7e-4e1c-8389-ac4d922e1115}</UniqueIdentifier>
    </Filter>
    <Filter Include="Source Files\3rd Party Tools\CppUnitLite">
      <UniqueIdentifier>{1912fc16-a958-4004-8448-1e77be57891b}</UniqueIdentifier>
    </Filter>
    <Filter Include="Header Files\3rd Party Tools\CppUnitLite">
      <UniqueIdentifier>{c44b7815-2c7f-4d1c-adf5-5f071351df7a}</UniqueIdentifier>
    </Filter>
  </ItemGroup>
  <ItemGroup>
    <ClCompile Include="ParseTest.cpp">
      <Filter>Source Files\Tests</Filter>
    </ClCompile>
    <ClCompile Include="LayerTest.cpp">
      <Filter>Source Files\Tests</Filter>
    </ClCompile>
    <ClCompile Include="PointTest.cpp">
      <Filter>Source Files\Tests</Filter>
    </ClCompile>
    <ClCompile Include="PlacedGraphicTest.cpp">
      <Filter>Source Files\Tests</Filter>
    </ClCompile>
    <ClCompile Include="SceneReaderTest.cpp">
      <Filter>Source Files\Tests</Filter>
    </ClCompile>
    <ClCompile Include="SceneWriterTest.cpp">
      <Filter>Source Files\Tests</Filter>
    </ClCompile>
    <ClCompile Include="VectorGraphicTest.cpp">
      <Filter>Source Files\Tests</Filter>
    </ClCompile>
    <ClCompile Include="WindowsBitmapHeaderTest.cpp">
      <Filter>Source Files\Tests</Filter>
    </ClCompile>
    <ClCompile Include="XmlReaderTest.cpp">
      <Filter>Source Files\Tests</Filter>
    </ClCompile>
    <ClCompile Include="XmlWriterTest.cpp">
      <Filter>Source Files\Tests</Filter>
    </ClCompile>
    <ClCompile Include="..\..\CppUnitLite\Failure.cpp">
      <Filter>Source Files\3rd Party Tools\CppUnitLite</Filter>
    </ClCompile>
    <ClCompile Include="..\..\CppUnitLite\Main.cpp">
      <Filter>Source Files\3rd Party Tools\CppUnitLite</Filter>
    </ClCompile>
    <ClCompile Include="..\..\CppUnitLite\Test.cpp">
      <Filter>Source Files\3rd Party Tools\CppUnitLite</Filter>
    </ClCompile>
    <ClCompile Include="..\..\CppUnitLite\TestRegistry.cpp">
      <Filter>Source Files\3rd Party Tools\CppUnitLite</Filter>
    </ClCompile>
    <ClCompile Include="..\..\CppUnitLite\TestResult.cpp">
      <Filter>Source Files\3rd Party Tools\CppUnitLite</Filter>
    </ClCompile>
    <ClCompile Include="Bitmap.cpp">
      <Filter>Source Files\Bitmap</Filter>
    </ClCompile>
    <ClCompile Include="BrightnessDecorator.cpp">
      <Filter>Source Files\Bitmap</Filter>
    </ClCompile>
    <ClCompile Include="BitmapIteratorDecorator.cpp">
      <Filter>Source Files\Bitmap</Filter>
    </ClCompile>
    <ClCompile Include="BitmapIterator.cpp">
      <Filter>Source Files\Bitmap</Filter>
    </ClCompile>
    <ClCompile Include="WindowsBitmapDecoder.cpp">
      <Filter>Source Files\Bitmap</Filter>
    </ClCompile>
    <ClCompile Include="WindowsBitmapEncoder.cpp">
      <Filter>Source Files\Bitmap</Filter>
    </ClCompile>
    <ClCompile Include="WindowsBitmapHeader.cpp">
      <Filter>Source Files\Bitmap</Filter>
    </ClCompile>
    <ClCompile Include="Layer.cpp">
      <Filter>Source Files\VectorGraphic</Filter>
    </ClCompile>
    <ClCompile Include="PlacedGraphic.cpp">
      <Filter>Source Files\VectorGraphic</Filter>
    </ClCompile>
    <ClCompile Include="Point.cpp">
      <Filter>Source Files\VectorGraphic</Filter>
    </ClCompile>
    <ClCompile Include="Scene.cpp">
      <Filter>Source Files\VectorGraphic</Filter>
    </ClCompile>
    <ClCompile Include="SceneReader.cpp">
      <Filter>Source Files\VectorGraphic</Filter>
    </ClCompile>
    <ClCompile Include="SceneWriter.cpp">
      <Filter>Source Files\VectorGraphic</Filter>
    </ClCompile>
    <ClCompile Include="VectorGraphic.cpp">
      <Filter>Source Files\VectorGraphic</Filter>
    </ClCompile>
    <ClCompile Include="VectorGraphicStreamer.cpp">
      <Filter>Source Files\VectorGraphic</Filter>
    </ClCompile>
    <ClCompile Include="XmlWriter.cpp">
      <Filter>Source Files\VectorGraphic\XML</Filter>
    </ClCompile>
    <ClCompile Include="XmlReader.cpp">
      <Filter>Source Files\VectorGraphic\XML</Filter>
    </ClCompile>
    <ClCompile Include="XmlFactories.cpp">
      <Filter>Source Files\VectorGraphic\XML</Filter>
    </ClCompile>
    <ClCompile Include="SceneTest.cpp">
      <Filter>Source Files\Tests</Filter>
    </ClCompile>
    <ClCompile Include="Element.cpp">
      <Filter>Source Files\VectorGraphic\XML</Filter>
    </ClCompile>
    <ClCompile Include="Color.cpp">
      <Filter>Source Files\Data Storing</Filter>
    </ClCompile>
    <ClCompile Include="tinyxml2.cpp">
      <Filter>Source Files\3rd Party Tools</Filter>
    </ClCompile>
    <ClCompile Include="Parse.cpp">
      <Filter>Source Files\3rd Party Tools</Filter>
    </ClCompile>
    <ClCompile Include="CodecLibrary.cpp">
      <Filter>Source Files\Bitmap</Filter>
    </ClCompile>
    <ClCompile Include="BasicCanvas.cpp">
      <Filter>Source Files</Filter>
    </ClCompile>
    <ClCompile Include="CanvasTest.cpp">
      <Filter>Source Files\Tests</Filter>
    </ClCompile>
    <ClCompile Include="BasicCanvasBitmapIterator.cpp">
      <Filter>Source Files</Filter>
    </ClCompile>
    <ClCompile Include="LineIterator.cpp">
      <Filter>Source Files</Filter>
    </ClCompile>
    <ClCompile Include="VectorGraphicTestNew.cpp">
      <Filter>Source Files\Tests</Filter>
    </ClCompile>
    <ClCompile Include="SquareStroke.cpp">
      <Filter>Source Files</Filter>
    </ClCompile>
    <ClCompile Include="SquarePen.cpp">
      <Filter>Source Files</Filter>
    </ClCompile>
  </ItemGroup>
  <ItemGroup>
    <ClInclude Include="..\..\CppUnitLite\Failure.h">
      <Filter>Header Files\3rd Party Tools\CppUnitLite</Filter>
    </ClInclude>
    <ClInclude Include="..\..\CppUnitLite\Test.h">
      <Filter>Header Files\3rd Party Tools\CppUnitLite</Filter>
    </ClInclude>
    <ClInclude Include="..\..\CppUnitLite\TestHarness.h">
      <Filter>Header Files\3rd Party Tools\CppUnitLite</Filter>
    </ClInclude>
    <ClInclude Include="..\..\CppUnitLite\TestRegistry.h">
      <Filter>Header Files\3rd Party Tools\CppUnitLite</Filter>
    </ClInclude>
    <ClInclude Include="..\..\CppUnitLite\TestResult.h">
      <Filter>Header Files\3rd Party Tools\CppUnitLite</Filter>
    </ClInclude>
    <ClInclude Include="binary_ostream_iterator.h">
      <Filter>Header Files\VectorGraphic</Filter>
    </ClInclude>
    <ClInclude Include="Layer.h">
      <Filter>Header Files\VectorGraphic</Filter>
    </ClInclude>
    <ClInclude Include="PlacedGraphic.h">
      <Filter>Header Files\VectorGraphic</Filter>
    </ClInclude>
    <ClInclude Include="Scene.h">
      <Filter>Header Files\VectorGraphic</Filter>
    </ClInclude>
    <ClInclude Include="SceneWriter.h">
      <Filter>Header Files\VectorGraphic</Filter>
    </ClInclude>
    <ClInclude Include="SceneReader.h">
      <Filter>Header Files\VectorGraphic</Filter>
    </ClInclude>
    <ClInclude Include="VerifyEquality.h">
      <Filter>Header Files\VectorGraphic</Filter>
    </ClInclude>
    <ClInclude Include="VectorGraphic.h">
      <Filter>Header Files\VectorGraphic</Filter>
    </ClInclude>
    <ClInclude Include="VectorGraphicStreamer.h">
      <Filter>Header Files\VectorGraphic</Filter>
    </ClInclude>
    <ClInclude Include="Bitmap.h">
      <Filter>Header Files\Bitmap</Filter>
    </ClInclude>
    <ClInclude Include="BitmapIterator.h">
      <Filter>Header Files\Bitmap</Filter>
    </ClInclude>
    <ClInclude Include="BitmapIteratorDecorator.h">
      <Filter>Header Files\Bitmap</Filter>
    </ClInclude>
    <ClInclude Include="BrightnessDecorator.h">
      <Filter>Header Files\Bitmap</Filter>
    </ClInclude>
    <ClInclude Include="IBitmapDecoder.h">
      <Filter>Header Files\Bitmap</Filter>
    </ClInclude>
    <ClInclude Include="IBitmapEncoder.h">
      <Filter>Header Files\Bitmap</Filter>
    </ClInclude>
    <ClInclude Include="IBitmapIterator.h">
      <Filter>Header Files\Bitmap</Filter>
    </ClInclude>
    <ClInclude Include="WindowsBitmapCommon.h">
      <Filter>Header Files\Bitmap</Filter>
    </ClInclude>
    <ClInclude Include="WindowsBitmapDecoder.h">
      <Filter>Header Files\Bitmap</Filter>
    </ClInclude>
    <ClInclude Include="WindowsBitmapEncoder.h">
      <Filter>Header Files\Bitmap</Filter>
    </ClInclude>
    <ClInclude Include="WindowsBitmapHeader.h">
      <Filter>Header Files\Bitmap</Filter>
    </ClInclude>
    <ClInclude Include="Point.h">
      <Filter>Header Files\VectorGraphic</Filter>
    </ClInclude>
    <ClInclude Include="XmlWriter.h">
      <Filter>Header Files\VectorGraphic\XML</Filter>
    </ClInclude>
    <ClInclude Include="XmlFactories.h">
      <Filter>Header Files\VectorGraphic\XML</Filter>
    </ClInclude>
    <ClInclude Include="XmlInterfaces.h">
      <Filter>Header Files\VectorGraphic\XML</Filter>
    </ClInclude>
    <ClInclude Include="XmlReader.h">
      <Filter>Header Files\VectorGraphic\XML</Filter>
    </ClInclude>
    <ClInclude Include="Element.h">
      <Filter>Header Files\VectorGraphic\XML</Filter>
    </ClInclude>
    <ClInclude Include="narrow_cast.h">
      <Filter>Header Files\Data Storing</Filter>
    </ClInclude>
    <ClInclude Include="Byte.h">
      <Filter>Header Files\Data Storing</Filter>
    </ClInclude>
    <ClInclude Include="Word.h">
      <Filter>Header Files\Data Storing</Filter>
    </ClInclude>
    <ClInclude Include="DoubleWord.h">
      <Filter>Header Files\Data Storing</Filter>
    </ClInclude>
    <ClInclude Include="ranged_number.h">
      <Filter>Header Files\Data Storing</Filter>
    </ClInclude>
    <ClInclude Include="SizedWord.h">
      <Filter>Header Files\Data Storing</Filter>
    </ClInclude>
    <ClInclude Include="Color.h">
      <Filter>Header Files\Data Storing</Filter>
    </ClInclude>
    <ClInclude Include="tinyxml2.h">
      <Filter>Header Files\3rd Party Tools</Filter>
    </ClInclude>
    <ClInclude Include="Parse.h">
      <Filter>Header Files\3rd Party Tools</Filter>
    </ClInclude>
    <ClInclude Include="CodecLibrary.h">
      <Filter>Header Files\Bitmap</Filter>
    </ClInclude>
    <ClInclude Include="ICanvas.h">
      <Filter>Header Files</Filter>
    </ClInclude>
    <ClInclude Include="IProjector.h">
      <Filter>Header Files</Filter>
    </ClInclude>
    <ClInclude Include="BasicCanvas.h">
      <Filter>Header Files</Filter>
    </ClInclude>
    <ClInclude Include="BasicCanvasBitmapIterator.h">
      <Filter>Header Files</Filter>
    </ClInclude>
    <ClInclude Include="LineIterator.h">
      <Filter>Header Files</Filter>
    </ClInclude>
    <ClInclude Include="IStroke.h">
      <Filter>Header Files</Filter>
    </ClInclude>
    <ClInclude Include="SquareStroke.h">
      <Filter>Header Files</Filter>
    </ClInclude>
    <ClInclude Include="IPen.h">
      <Filter>Header Files</Filter>
    </ClInclude>
    <ClInclude Include="SquarePen.h">
      <Filter>Header Files</Filter>
    </ClInclude>
  </ItemGroup>
</Project>